
Microsoft Visual Studio Solution File, Format Version 12.00
# Visual Studio Version 17
VisualStudioVersion = 17.11.35327.3
MinimumVisualStudioVersion = 10.0.40219.1
Project("{FAE04EC0-301F-11D3-BF4B-00C04F79EFBC}") = "07_Foreach", "07_Foreach\07_Foreach.csproj", "{F370CE4D-D1CF-4605-AAA4-150E79C68527}"
EndProject
Project("{FAE04EC0-301F-11D3-BF4B-00C04F79EFBC}") = "08_Metotlar", "08_Metotlar\08_Metotlar.csproj", "{9311B3DB-6E70-493A-BCDA-A088E68D5C8F}"
EndProject
Project("{FAE04EC0-301F-11D3-BF4B-00C04F79EFBC}") = "09__DatabaseProject", "09__DatabaseProject\09__DatabaseProject.csproj", "{292E351C-364E-4452-8977-057439BA8815}"
EndProject
Global
	GlobalSection(SolutionConfigurationPlatforms) = preSolution
		Debug|Any CPU = Debug|Any CPU
		Release|Any CPU = Release|Any CPU
	EndGlobalSection
	GlobalSection(ProjectConfigurationPlatforms) = postSolution
		{F370CE4D-D1CF-4605-AAA4-150E79C68527}.Debug|Any CPU.ActiveCfg = Debug|Any CPU
		{F370CE4D-D1CF-4605-AAA4-150E79C68527}.Debug|Any CPU.Build.0 = Debug|Any CPU
		{F370CE4D-D1CF-4605-AAA4-150E79C68527}.Release|Any CPU.ActiveCfg = Release|Any CPU
		{F370CE4D-D1CF-4605-AAA4-150E79C68527}.Release|Any CPU.Build.0 = Release|Any CPU
		{9311B3DB-6E70-493A-BCDA-A088E68D5C8F}.Debug|Any CPU.ActiveCfg = Debug|Any CPU
		{9311B3DB-6E70-493A-BCDA-A088E68D5C8F}.Debug|Any CPU.Build.0 = Debug|Any CPU
		{9311B3DB-6E70-493A-BCDA-A088E68D5C8F}.Release|Any CPU.ActiveCfg = Release|Any CPU
		{9311B3DB-6E70-493A-BCDA-A088E68D5C8F}.Release|Any CPU.Build.0 = Release|Any CPU
		{292E351C-364E-4452-8977-057439BA8815}.Debug|Any CPU.ActiveCfg = Debug|Any CPU
		{292E351C-364E-4452-8977-057439BA8815}.Debug|Any CPU.Build.0 = Debug|Any CPU
		{292E351C-364E-4452-8977-057439BA8815}.Release|Any CPU.ActiveCfg = Release|Any CPU
		{292E351C-364E-4452-8977-057439BA8815}.Release|Any CPU.Build.0 = Release|Any CPU
	EndGlobalSection
	GlobalSection(SolutionProperties) = preSolution
		HideSolutionNode = FALSE
	EndGlobalSection
	GlobalSection(ExtensibilityGlobals) = postSolution
		SolutionGuid = {1A2C2A12-2CB9-423F-AB80-873BCAB4312E}
	EndGlobalSection
EndGlobal
